
Microsoft Visual Studio Solution File, Format Version 12.00
# Visual Studio Version 16
VisualStudioVersion = 16.0.34931.43
MinimumVisualStudioVersion = 10.0.40219.1
Project("{FAE04EC0-301F-11D3-BF4B-00C04F79EFBC}") = "WindowsFormsApp2", "WindowsFormsApp2\WindowsFormsApp2.csproj", "{62FF7C60-BA64-4435-86F0-6543DC3A09AB}"
EndProject
Global
	GlobalSection(SolutionConfigurationPlatforms) = preSolution
		Debug|Any CPU = Debug|Any CPU
		Release|Any CPU = Release|Any CPU
	EndGlobalSection
	GlobalSection(ProjectConfigurationPlatforms) = postSolution
		{62FF7C60-BA64-4435-86F0-6543DC3A09AB}.Debug|Any CPU.ActiveCfg = Debug|Any CPU
		{62FF7C60-BA64-4435-86F0-6543DC3A09AB}.Debug|Any CPU.Build.0 = Debug|Any CPU
		{62FF7C60-BA64-4435-86F0-6543DC3A09AB}.Release|Any CPU.ActiveCfg = Release|Any CPU
		{62FF7C60-BA64-4435-86F0-6543DC3A09AB}.Release|Any CPU.Build.0 = Release|Any CPU
	EndGlobalSection
	GlobalSection(SolutionProperties) = preSolution
		HideSolutionNode = FALSE
	EndGlobalSection
	GlobalSection(ExtensibilityGlobals) = postSolution
		SolutionGuid = {7F34D6D7-F082-461D-B99B-B07A3DC4ED25}
	EndGlobalSection
EndGlobal
